
Microsoft Visual Studio Solution File, Format Version 12.00
# Visual Studio Version 16
VisualStudioVersion = 16.0.33423.256
MinimumVisualStudioVersion = 10.0.40219.1
Project("{FAE04EC0-301F-11D3-BF4B-00C04F79EFBC}") = "RenamePrinters", "RenamePrinters\RenamePrinters.csproj", "{C5667B25-7CE1-4F0A-9D37-D2C02AE57A70}"
EndProject
Global
	GlobalSection(SolutionConfigurationPlatforms) = preSolution
		Debug|Any CPU = Debug|Any CPU
		Release|Any CPU = Release|Any CPU
	EndGlobalSection
	GlobalSection(ProjectConfigurationPlatforms) = postSolution
		{C5667B25-7CE1-4F0A-9D37-D2C02AE57A70}.Debug|Any CPU.ActiveCfg = Debug|Any CPU
		{C5667B25-7CE1-4F0A-9D37-D2C02AE57A70}.Debug|Any CPU.Build.0 = Debug|Any CPU
		{C5667B25-7CE1-4F0A-9D37-D2C02AE57A70}.Release|Any CPU.ActiveCfg = Release|Any CPU
		{C5667B25-7CE1-4F0A-9D37-D2C02AE57A70}.Release|Any CPU.Build.0 = Release|Any CPU
	EndGlobalSection
	GlobalSection(SolutionProperties) = preSolution
		HideSolutionNode = FALSE
	EndGlobalSection
	GlobalSection(ExtensibilityGlobals) = postSolution
		SolutionGuid = {3BF3067D-1286-4C81-B03A-EA2C4DB76959}
	EndGlobalSection
EndGlobal
